// !$*UTF8*$!
{
	archiveVersion = 1;
	classes = {
	};
	objectVersion = 46;
	objects = {

/* Begin PBXBuildFile section */
		1792E7511F1D0A110011DAF1 /* Loin.m in Sources */ = {isa = PBXBuildFile; fileRef = 1792E7501F1D0A110011DAF1 /* Loin.m */; };
		1E4C48D21E41E71F00A13FC3 /* main.m in Sources */ = {isa = PBXBuildFile; fileRef = 1E4C48D11E41E71F00A13FC3 /* main.m */; };
		1E4C48D51E41E72000A13FC3 /* AppDelegate.m in Sources */ = {isa = PBXBuildFile; fileRef = 1E4C48D41E41E72000A13FC3 /* AppDelegate.m */; };
		1E4C48D81E41E72000A13FC3 /* ViewController.m in Sources */ = {isa = PBXBuildFile; fileRef = 1E4C48D71E41E72000A13FC3 /* ViewController.m */; };
		1E4C48DB1E41E72000A13FC3 /* Main.storyboard in Resources */ = {isa = PBXBuildFile; fileRef = 1E4C48D91E41E72000A13FC3 /* Main.storyboard */; };
		1E4C48DD1E41E72000A13FC3 /* Assets.xcassets in Resources */ = {isa = PBXBuildFile; fileRef = 1E4C48DC1E41E72000A13FC3 /* Assets.xcassets */; };
		1E4C48E01E41E72000A13FC3 /* LaunchScreen.storyboard in Resources */ = {isa = PBXBuildFile; fileRef = 1E4C48DE1E41E72000A13FC3 /* LaunchScreen.storyboard */; };
		1E4C48EA1E42028F00A13FC3 /* GCDSingle.m in Sources */ = {isa = PBXBuildFile; fileRef = 1E4C48E91E42028F00A13FC3 /* GCDSingle.m */; };
/* End PBXBuildFile section */

/* Begin PBXFileReference section */
		1792E74F1F1D0A110011DAF1 /* Loin.h */ = {isa = PBXFileReference; fileEncoding = 4; lastKnownFileType = sourcecode.c.h; path = Loin.h; sourceTree = "<group>"; };
		1792E7501F1D0A110011DAF1 /* Loin.m */ = {isa = PBXFileReference; fileEncoding = 4; lastKnownFileType = sourcecode.c.objc; path = Loin.m; sourceTree = "<group>"; };
		1E4C48CD1E41E71F00A13FC3 /* GCD_gcd.app */ = {isa = PBXFileReference; explicitFileType = wrapper.application; includeInIndex = 0; path = GCD_gcd.app; sourceTree = BUILT_PRODUCTS_DIR; };
		1E4C48D11E41E71F00A13FC3 /* main.m */ = {isa = PBXFileReference; lastKnownFileType = sourcecode.c.objc; path = main.m; sourceTree = "<group>"; };
		1E4C48D31E41E72000A13FC3 /* AppDelegate.h */ = {isa = PBXFileReference; lastKnownFileType = sourcecode.c.h; path = AppDelegate.h; sourceTree = "<group>"; };
		1E4C48D41E41E72000A13FC3 /* AppDelegate.m */ = {isa = PBXFileReference; lastKnownFileType = sourcecode.c.objc; path = AppDelegate.m; sourceTree = "<group>"; };
		1E4C48D61E41E72000A13FC3 /* ViewController.h */ = {isa = PBXFileReference; lastKnownFileType = sourcecode.c.h; path = ViewController.h; sourceTree = "<group>"; };
		1E4C48D71E41E72000A13FC3 /* ViewController.m */ = {isa = PBXFileReference; lastKnownFileType = sourcecode.c.objc; path = ViewController.m; sourceTree = "<group>"; };
		1E4C48DA1E41E72000A13FC3 /* Base */ = {isa = PBXFileReference; lastKnownFileType = file.storyboard; name = Base; path = Base.lproj/Main.storyboard; sourceTree = "<group>"; };
		1E4C48DC1E41E72000A13FC3 /* Assets.xcassets */ = {isa = PBXFileReference; lastKnownFileType = folder.assetcatalog; path = Assets.xcassets; sourceTree = "<group>"; };
		1E4C48DF1E41E72000A13FC3 /* Base */ = {isa = PBXFileReference; lastKnownFileType = file.storyboard; name = Base; path = Base.lproj/LaunchScreen.storyboard; sourceTree = "<group>"; };
		1E4C48E11E41E72000A13FC3 /* Info.plist */ = {isa = PBXFileReference; lastKnownFileType = text.plist.xml; path = Info.plist; sourceTree = "<group>"; };
		1E4C48E81E42028F00A13FC3 /* GCDSingle.h */ = {isa = PBXFileReference; fileEncoding = 4; lastKnownFileType = sourcecode.c.h; path = GCDSingle.h; sourceTree = "<group>"; };
		1E4C48E91E42028F00A13FC3 /* GCDSingle.m */ = {isa = PBXFileReference; fileEncoding = 4; lastKnownFileType = sourcecode.c.objc; path = GCDSingle.m; sourceTree = "<group>"; };
/* End PBXFileReference section */

/* Begin PBXFrameworksBuildPhase section */
		1E4C48CA1E41E71F00A13FC3 /* Frameworks */ = {
			isa = PBXFrameworksBuildPhase;
			buildActionMask = 2147483647;
			files = (
			);
			runOnlyForDeploymentPostprocessing = 0;
		};
/* End PBXFrameworksBuildPhase section */

/* Begin PBXGroup section */
		1E4C48C41E41E71F00A13FC3 = {
			isa = PBXGroup;
			children = (
				1E4C48CF1E41E71F00A13FC3 /* GCD_gcd */,
				1E4C48CE1E41E71F00A13FC3 /* Products */,
			);
			sourceTree = "<group>";
		};
		1E4C48CE1E41E71F00A13FC3 /* Products */ = {
			isa = PBXGroup;
			children = (
				1E4C48CD1E41E71F00A13FC3 /* GCD_gcd.app */,
			);
			name = Products;
			sourceTree = "<group>";
		};
		1E4C48CF1E41E71F00A13FC3 /* GCD_gcd */ = {
			isa = PBXGroup;
			children = (
				1E4C48D31E41E72000A13FC3 /* AppDelegate.h */,
				1E4C48D41E41E72000A13FC3 /* AppDelegate.m */,
				1E4C48D61E41E72000A13FC3 /* ViewController.h */,
				1E4C48D71E41E72000A13FC3 /* ViewController.m */,
				1E4C48D91E41E72000A13FC3 /* Main.storyboard */,
				1E4C48DC1E41E72000A13FC3 /* Assets.xcassets */,
				1E4C48DE1E41E72000A13FC3 /* LaunchScreen.storyboard */,
				1E4C48E11E41E72000A13FC3 /* Info.plist */,
				1E4C48D01E41E71F00A13FC3 /* Supporting Files */,
				1E4C48E81E42028F00A13FC3 /* GCDSingle.h */,
				1E4C48E91E42028F00A13FC3 /* GCDSingle.m */,
				1792E74F1F1D0A110011DAF1 /* Loin.h */,
				1792E7501F1D0A110011DAF1 /* Loin.m */,
			);
			path = GCD_gcd;
			sourceTree = "<group>";
		};
		1E4C48D01E41E71F00A13FC3 /* Supporting Files */ = {
			isa = PBXGroup;
			children = (
				1E4C48D11E41E71F00A13FC3 /* main.m */,
			);
			name = "Supporting Files";
			sourceTree = "<group>";
		};
/* End PBXGroup section */

/* Begin PBXNativeTarget section */
		1E4C48CC1E41E71F00A13FC3 /* GCD_gcd */ = {
			isa = PBXNativeTarget;
			buildConfigurationList = 1E4C48E41E41E72000A13FC3 /* Build configuration list for PBXNativeTarget "GCD_gcd" */;
			buildPhases = (
				1E4C48C91E41E71F00A13FC3 /* Sources */,
				1E4C48CA1E41E71F00A13FC3 /* Frameworks */,
				1E4C48CB1E41E71F00A13FC3 /* Resources */,
			);
			buildRules = (
			);
			dependencies = (
			);
			name = GCD_gcd;
			productName = GCD_gcd;
			productReference = 1E4C48CD1E41E71F00A13FC3 /* GCD_gcd.app */;
			productType = "com.apple.product-type.application";
		};
/* End PBXNativeTarget section */

/* Begin PBXProject section */
		1E4C48C51E41E71F00A13FC3 /* Project object */ = {
			isa = PBXProject;
			attributes = {
				LastUpgradeCheck = 0730;
				ORGANIZATIONNAME = zhuzhilong;
				TargetAttributes = {
					1E4C48CC1E41E71F00A13FC3 = {
						CreatedOnToolsVersion = 7.3.1;
						DevelopmentTeam = 56JAM34B5U;
						ProvisioningStyle = Manual;
					};
				};
			};
			buildConfigurationList = 1E4C48C81E41E71F00A13FC3 /* Build configuration list for PBXProject "GCD_gcd" */;
			compatibilityVersion = "Xcode 3.2";
			developmentRegion = English;
			hasScannedForEncodings = 0;
			knownRegions = (
				en,
				Base,
			);
			mainGroup = 1E4C48C41E41E71F00A13FC3;
			productRefGroup = 1E4C48CE1E41E71F00A13FC3 /* Products */;
			projectDirPath = "";
			projectRoot = "";
			targets = (
				1E4C48CC1E41E71F00A13FC3 /* GCD_gcd */,
			);
		};
/* End PBXProject section */

/* Begin PBXResourcesBuildPhase section */
		1E4C48CB1E41E71F00A13FC3 /* Resources */ = {
			isa = PBXResourcesBuildPhase;
			buildActionMask = 2147483647;
			files = (
				1E4C48E01E41E72000A13FC3 /* LaunchScreen.storyboard in Resources */,
				1E4C48DD1E41E72000A13FC3 /* Assets.xcassets in Resources */,
				1E4C48DB1E41E72000A13FC3 /* Main.storyboard in Resources */,
			);
			runOnlyForDeploymentPostprocessing = 0;
		};
/* End PBXResourcesBuildPhase section */

/* Begin PBXSourcesBuildPhase section */
		1E4C48C91E41E71F00A13FC3 /* Sources */ = {
			isa = PBXSourcesBuildPhase;
			buildActionMask = 2147483647;
			files = (
				1792E7511F1D0A110011DAF1 /* Loin.m in Sources */,
				1E4C48D81E41E72000A13FC3 /* ViewController.m in Sources */,
				1E4C48D51E41E72000A13FC3 /* AppDelegate.m in Sources */,
				1E4C48EA1E42028F00A13FC3 /* GCDSingle.m in Sources */,
				1E4C48D21E41E71F00A13FC3 /* main.m in Sources */,
			);
			runOnlyForDeploymentPostprocessing = 0;
		};
/* End PBXSourcesBuildPhase section */

/* Begin PBXVariantGroup section */
		1E4C48D91E41E72000A13FC3 /* Main.storyboard */ = {
			isa = PBXVariantGroup;
			children = (
				1E4C48DA1E41E72000A13FC3 /* Base */,
			);
			name = Main.storyboard;
			sourceTree = "<group>";
		};
		1E4C48DE1E41E72000A13FC3 /* LaunchScreen.storyboard */ = {
			isa = PBXVariantGroup;
			children = (
				1E4C48DF1E41E72000A13FC3 /* Base */,
			);
			name = LaunchScreen.storyboard;
			sourceTree = "<group>";
		};
/* End PBXVariantGroup section */

/* Begin XCBuildConfiguration section */
		1E4C48E21E41E72000A13FC3 /* Debug */ = {
			isa = XCBuildConfiguration;
			buildSettings = {
				ALWAYS_SEARCH_USER_PATHS = NO;
				CLANG_ANALYZER_NONNULL = YES;
				CLANG_CXX_LANGUAGE_STANDARD = "gnu++0x";
				CLANG_CXX_LIBRARY = "libc++";
				CLANG_ENABLE_MODULES = YES;
				CLANG_ENABLE_OBJC_ARC = YES;
				CLANG_WARN_BOOL_CONVERSION = YES;
				CLANG_WARN_CONSTANT_CONVERSION = YES;
				CLANG_WARN_DIRECT_OBJC_ISA_USAGE = YES_ERROR;
				CLANG_WARN_EMPTY_BODY = YES;
				CLANG_WARN_ENUM_CONVERSION = YES;
				CLANG_WARN_INT_CONVERSION = YES;
				CLANG_WARN_OBJC_ROOT_CLASS = YES_ERROR;
				CLANG_WARN_UNREACHABLE_CODE = YES;
				CLANG_WARN__DUPLICATE_METHOD_MATCH = YES;
				"CODE_SIGN_IDENTITY[sdk=iphoneos*]" = "iPhone Developer";
				COPY_PHASE_STRIP = NO;
				DEBUG_INFORMATION_FORMAT = dwarf;
				ENABLE_STRICT_OBJC_MSGSEND = YES;
				ENABLE_TESTABILITY = YES;
				GCC_C_LANGUAGE_STANDARD = gnu99;
				GCC_DYNAMIC_NO_PIC = NO;
				GCC_NO_COMMON_BLOCKS = YES;
				GCC_OPTIMIZATION_LEVEL = 0;
				GCC_PREPROCESSOR_DEFINITIONS = (
					"DEBUG=1",
					"$(inherited)",
				);
				GCC_WARN_64_TO_32_BIT_CONVERSION = YES;
				GCC_WARN_ABOUT_RETURN_TYPE = YES_ERROR;
				GCC_WARN_UNDECLARED_SELECTOR = YES;
				GCC_WARN_UNINITIALIZED_AUTOS = YES_AGGRESSIVE;
				GCC_WARN_UNUSED_FUNCTION = YES;
				GCC_WARN_UNUSED_VARIABLE = YES;
				IPHONEOS_DEPLOYMENT_TARGET = 9.3;
				MTL_ENABLE_DEBUG_INFO = YES;
				ONLY_ACTIVE_ARCH = YES;
				SDKROOT = iphoneos;
			};
			name = Debug;
		};
		1E4C48E31E41E72000A13FC3 /* Release */ = {
			isa = XCBuildConfiguration;
			buildSettings = {
				ALWAYS_SEARCH_USER_PATHS = NO;
				CLANG_ANALYZER_NONNULL = YES;
				CLANG_CXX_LANGUAGE_STANDARD = "gnu++0x";
				CLANG_CXX_LIBRARY = "libc++";
				CLANG_ENABLE_MODULES = YES;
				CLANG_ENABLE_OBJC_ARC = YES;
				CLANG_WARN_BOOL_CONVERSION = YES;
				CLANG_WARN_CONSTANT_CONVERSION = YES;
				CLANG_WARN_DIRECT_OBJC_ISA_USAGE = YES_ERROR;
				CLANG_WARN_EMPTY_BODY = YES;
				CLANG_WARN_ENUM_CONVERSION = YES;
				CLANG_WARN_INT_CONVERSION = YES;
				CLANG_WARN_OBJC_ROOT_CLASS = YES_ERROR;
				CLANG_WARN_UNREACHABLE_CODE = YES;
				CLANG_WARN__DUPLICATE_METHOD_MATCH = YES;
				"CODE_SIGN_IDENTITY[sdk=iphoneos*]" = "iPhone Developer";
				COPY_PHASE_STRIP = NO;
				DEBUG_INFORMATION_FORMAT = "dwarf-with-dsym";
				ENABLE_NS_ASSERTIONS = NO;
				ENABLE_STRICT_OBJC_MSGSEND = YES;
				GCC_C_LANGUAGE_STANDARD = gnu99;
				GCC_NO_COMMON_BLOCKS = YES;
				GCC_WARN_64_TO_32_BIT_CONVERSION = YES;
				GCC_WARN_ABOUT_RETURN_TYPE = YES_ERROR;
				GCC_WARN_UNDECLARED_SELECTOR = YES;
				GCC_WARN_UNINITIALIZED_AUTOS = YES_AGGRESSIVE;
				GCC_WARN_UNUSED_FUNCTION = YES;
				GCC_WARN_UNUSED_VARIABLE = YES;
				IPHONEOS_DEPLOYMENT_TARGET = 9.3;
				MTL_ENABLE_DEBUG_INFO = NO;
				SDKROOT = iphoneos;
				VALIDATE_PRODUCT = YES;
			};
			name = Release;
		};
		1E4C48E51E41E72000A13FC3 /* Debug */ = {
			isa = XCBuildConfiguration;
			buildSettings = {
				ASSETCATALOG_COMPILER_APPICON_NAME = AppIcon;
				"CODE_SIGN_IDENTITY[sdk=iphoneos*]" = "iPhone Distribution: Sum Payment Service CO., LTD. (56JAM34B5U)";
				DEVELOPMENT_TEAM = 56JAM34B5U;
				INFOPLIST_FILE = GCD_gcd/Info.plist;
				IPHONEOS_DEPLOYMENT_TARGET = 8.0;
				LD_RUNPATH_SEARCH_PATHS = "$(inherited) @executable_path/Frameworks";
				PRODUCT_BUNDLE_IDENTIFIER = com.fxzidonghua.cn;
				PRODUCT_NAME = "$(TARGET_NAME)";
				PROVISIONING_PROFILE = "412a98c8-9e0d-4133-8257-7745e1cfd5a5";
				PROVISIONING_PROFILE_SPECIFIER = FXzidonghua;
			};
			name = Debug;
		};
		1E4C48E61E41E72000A13FC3 /* Release */ = {
			isa = XCBuildConfiguration;
			buildSettings = {
				ASSETCATALOG_COMPILER_APPICON_NAME = AppIcon;
				"CODE_SIGN_IDENTITY[sdk=iphoneos*]" = "iPhone Distribution: Sum Payment Service CO., LTD. (56JAM34B5U)";
				DEVELOPMENT_TEAM = 56JAM34B5U;
				INFOPLIST_FILE = GCD_gcd/Info.plist;
				IPHONEOS_DEPLOYMENT_TARGET = 8.0;
				LD_RUNPATH_SEARCH_PATHS = "$(inherited) @executable_path/Frameworks";
				PRODUCT_BUNDLE_IDENTIFIER = com.fxzidonghua.cn;
				PRODUCT_NAME = "$(TARGET_NAME)";
				PROVISIONING_PROFILE = "412a98c8-9e0d-4133-8257-7745e1cfd5a5";
				PROVISIONING_PROFILE_SPECIFIER = FXzidonghua;
			};
			name = Release;
		};
/* End XCBuildConfiguration section */

/* Begin XCConfigurationList section */
		1E4C48C81E41E71F00A13FC3 /* Build configuration list for PBXProject "GCD_gcd" */ = {
			isa = XCConfigurationList;
			buildConfigurations = (
				1E4C48E21E41E72000A13FC3 /* Debug */,
				1E4C48E31E41E72000A13FC3 /* Release */,
			);
			defaultConfigurationIsVisible = 0;
			defaultConfigurationName = Release;
		};
		1E4C48E41E41E72000A13FC3 /* Build configuration list for PBXNativeTarget "GCD_gcd" */ = {
			isa = XCConfigurationList;
			buildConfigurations = (
				1E4C48E51E41E72000A13FC3 /* Debug */,
				1E4C48E61E41E72000A13FC3 /* Release */,
			);
			defaultConfigurationIsVisible = 0;
			defaultConfigurationName = Release;
		};
/* End XCConfigurationList section */
	};
	rootObject = 1E4C48C51E41E71F00A13FC3 /* Project object */;
}
